
Microsoft Visual Studio Solution File, Format Version 12.00
# Visual Studio Version 17
VisualStudioVersion = 17.6.33815.320
MinimumVisualStudioVersion = 10.0.40219.1
Project("{8BC9CEB8-8B4A-11D0-8D11-00A0C91BC942}") = "MyC_HashTable", "MyC_HashTable\MyC_HashTable.vcxproj", "{12C631CA-04D1-4134-A990-34E56D7C77E8}"
EndProject
Project("{2150E333-8FDC-42A3-9474-1A3956D46DE8}") = "Solution Items", "Solution Items", "{5541FD9D-1748-45F0-AF29-71EED5EE4740}"
	ProjectSection(SolutionItems) = preProject
		MyC.py = MyC.py
	EndProjectSection
EndProject
Global
	GlobalSection(SolutionConfigurationPlatforms) = preSolution
		Debug|x64 = Debug|x64
		Debug|x86 = Debug|x86
		Release|x64 = Release|x64
		Release|x86 = Release|x86
	EndGlobalSection
	GlobalSection(ProjectConfigurationPlatforms) = postSolution
		{12C631CA-04D1-4134-A990-34E56D7C77E8}.Debug|x64.ActiveCfg = Debug|x64
		{12C631CA-04D1-4134-A990-34E56D7C77E8}.Debug|x64.Build.0 = Debug|x64
		{12C631CA-04D1-4134-A990-34E56D7C77E8}.Debug|x86.ActiveCfg = Debug|Win32
		{12C631CA-04D1-4134-A990-34E56D7C77E8}.Debug|x86.Build.0 = Debug|Win32
		{12C631CA-04D1-4134-A990-34E56D7C77E8}.Release|x64.ActiveCfg = Release|x64
		{12C631CA-04D1-4134-A990-34E56D7C77E8}.Release|x64.Build.0 = Release|x64
		{12C631CA-04D1-4134-A990-34E56D7C77E8}.Release|x86.ActiveCfg = Release|Win32
		{12C631CA-04D1-4134-A990-34E56D7C77E8}.Release|x86.Build.0 = Release|Win32
	EndGlobalSection
	GlobalSection(SolutionProperties) = preSolution
		HideSolutionNode = FALSE
	EndGlobalSection
	GlobalSection(ExtensibilityGlobals) = postSolution
		SolutionGuid = {AA166E3B-B75D-4447-A383-CC0DD451D13F}
	EndGlobalSection
EndGlobal
